
Microsoft Visual Studio Solution File, Format Version 12.00
# Visual Studio Version 17
VisualStudioVersion = 17.2.32630.192
MinimumVisualStudioVersion = 10.0.40219.1
Project("{2150E333-8FDC-42A3-9474-1A3956D46DE8}") = "Protos", "Protos", "{B403B58F-FC6C-4945-BC53-39ABBEA855BC}"
	ProjectSection(SolutionItems) = preProject
		server\Protos\transaction.proto = server\Protos\transaction.proto
	EndProjectSection
EndProject
Project("{FAE04EC0-301F-11D3-BF4B-00C04F79EFBC}") = "server", "server\server.csproj", "{1F483448-5842-43AB-83F0-76DCD595CEEB}"
EndProject
Global
	GlobalSection(SolutionConfigurationPlatforms) = preSolution
		Debug|Any CPU = Debug|Any CPU
		Release|Any CPU = Release|Any CPU
	EndGlobalSection
	GlobalSection(ProjectConfigurationPlatforms) = postSolution
		{1F483448-5842-43AB-83F0-76DCD595CEEB}.Debug|Any CPU.ActiveCfg = Debug|Any CPU
		{1F483448-5842-43AB-83F0-76DCD595CEEB}.Debug|Any CPU.Build.0 = Debug|Any CPU
		{1F483448-5842-43AB-83F0-76DCD595CEEB}.Release|Any CPU.ActiveCfg = Release|Any CPU
		{1F483448-5842-43AB-83F0-76DCD595CEEB}.Release|Any CPU.Build.0 = Release|Any CPU
	EndGlobalSection
	GlobalSection(SolutionProperties) = preSolution
		HideSolutionNode = FALSE
	EndGlobalSection
	GlobalSection(ExtensibilityGlobals) = postSolution
		SolutionGuid = {4FBBBEC5-200C-4034-83E0-70FAAA9BFDFA}
	EndGlobalSection
EndGlobal
